
Microsoft Visual Studio Solution File, Format Version 12.00
# Visual Studio Version 17
VisualStudioVersion = 17.7.34024.191
MinimumVisualStudioVersion = 10.0.40219.1
Project("{FAE04EC0-301F-11D3-BF4B-00C04F79EFBC}") = "NumberToText", "NumberToText.csproj", "{865AF216-7057-432A-93EF-A071BC593367}"
EndProject
Global
	GlobalSection(SolutionConfigurationPlatforms) = preSolution
		Debug|Any CPU = Debug|Any CPU
		Release|Any CPU = Release|Any CPU
	EndGlobalSection
	GlobalSection(ProjectConfigurationPlatforms) = postSolution
		{865AF216-7057-432A-93EF-A071BC593367}.Debug|Any CPU.ActiveCfg = Debug|Any CPU
		{865AF216-7057-432A-93EF-A071BC593367}.Debug|Any CPU.Build.0 = Debug|Any CPU
		{865AF216-7057-432A-93EF-A071BC593367}.Release|Any CPU.ActiveCfg = Release|Any CPU
		{865AF216-7057-432A-93EF-A071BC593367}.Release|Any CPU.Build.0 = Release|Any CPU
	EndGlobalSection
	GlobalSection(SolutionProperties) = preSolution
		HideSolutionNode = FALSE
	EndGlobalSection
	GlobalSection(ExtensibilityGlobals) = postSolution
		SolutionGuid = {7E4B2B4C-BF52-4D77-9ADF-1B691D696AEA}
	EndGlobalSection
EndGlobal
